{
  "nodes": {
    "crane": {
      "inputs": {
        "nixpkgs": [
          "zed-flake",
          "nixpkgs"
        ]
      },
      "locked": {
        "lastModified": 1724537630,
        "narHash": "sha256-gpqINM71zp3kw5XYwUXa84ZtPnCmLLnByuFoYesT1bY=",
        "owner": "ipetkov",
        "repo": "crane",
        "rev": "3e08f4b1fc9aaede5dd511d8f5f4ef27501e49b0",
        "type": "github"
      },
      "original": {
        "owner": "ipetkov",
        "repo": "crane",
        "type": "github"
      }
    },
    "fenix": {
      "inputs": {
        "nixpkgs": [
          "zed-flake",
          "nixpkgs"
        ],
        "rust-analyzer-src": "rust-analyzer-src"
      },
      "locked": {
        "lastModified": 1724740262,
        "narHash": "sha256-cpFasbzOTlwLi4fNas6hDznVUdCJn/lMLxi7MAMG6hg=",
        "owner": "nix-community",
        "repo": "fenix",
        "rev": "703efdd9b5c6a7d5824afa348a24fbbf8ff226be",
        "type": "github"
      },
      "original": {
        "owner": "nix-community",
        "repo": "fenix",
        "type": "github"
      }
    },
    "flake-compat": {
      "locked": {
        "lastModified": 1696426674,
        "narHash": "sha256-kvjfFW7WAETZlt09AgDn1MrtKzP7t90Vf7vypd3OL1U=",
        "owner": "edolstra",
        "repo": "flake-compat",
        "rev": "0f9255e01c2351cc7d116c072cb317785dd33b33",
        "type": "github"
      },
      "original": {
        "owner": "edolstra",
        "repo": "flake-compat",
        "type": "github"
      }
    },
    "home-manager": {
      "inputs": {
        "nixpkgs": [
          "nixpkgs"
        ]
      },
      "locked": {
        "lastModified": 1726814843,
        "narHash": "sha256-dz6K+QWJsmkqPqbVfJNtwWio1v0WGMVL6Ov8x0NNShs=",
        "owner": "nix-community",
        "repo": "home-manager",
        "rev": "2cf3abce034432cb357c0a6a670481819c55f564",
        "type": "github"
      },
      "original": {
        "owner": "nix-community",
        "repo": "home-manager",
        "type": "github"
      }
    },
    "nixpkgs": {
      "locked": {
        "lastModified": 1726463316,
        "narHash": "sha256-gI9kkaH0ZjakJOKrdjaI/VbaMEo9qBbSUl93DnU7f4c=",
        "owner": "nixos",
        "repo": "nixpkgs",
        "rev": "99dc8785f6a0adac95f5e2ab05cc2e1bf666d172",
        "type": "github"
      },
      "original": {
        "owner": "nixos",
        "ref": "nixos-unstable",
        "repo": "nixpkgs",
        "type": "github"
      }
    },
    "root": {
      "inputs": {
        "home-manager": "home-manager",
        "nixpkgs": "nixpkgs",
        "zed-flake": "zed-flake"
      }
    },
    "rust-analyzer-src": {
      "flake": false,
      "locked": {
        "lastModified": 1724666781,
        "narHash": "sha256-nOQDgjTDlWe0/+Ptf3o2p6UrznQFHnXBHRV1ZAsSpe8=",
        "owner": "rust-lang",
        "repo": "rust-analyzer",
        "rev": "095926ea6f008477a15a2ec6b0b8797e2e5be0e5",
        "type": "github"
      },
      "original": {
        "owner": "rust-lang",
        "ref": "nightly",
        "repo": "rust-analyzer",
        "type": "github"
      }
    },
    "zed-flake": {
      "inputs": {
        "crane": "crane",
        "fenix": "fenix",
        "flake-compat": "flake-compat",
        "nixpkgs": [
          "nixpkgs"
        ]
      },
      "locked": {
        "lastModified": 1726758149,
        "narHash": "sha256-8yu1xAN8GQXWXF4PHRbOx4oWK3EYc4POQlOYaDiPH+A=",
        "owner": "zed-industries",
        "repo": "zed",
        "rev": "7234166077055e63911c36aad117e75f51edf3ea",
        "type": "github"
      },
      "original": {
        "owner": "zed-industries",
        "ref": "refs/tags/v0.153.6",
        "repo": "zed",
        "type": "github"
      }
    }
  },
  "root": "root",
  "version": 7
}
